{
  "version": 4,
  "terraform_version": "1.5.7",
  "serial": 69,
  "lineage": "465fd54a-e000-efbf-5b09-fc6e4a6a9fe3",
  "outputs": {
    "vmseries_ipv6_addresses": {
      "value": {
        "vmseries-01": {
          "interface_eth1": [],
          "interface_eth2": [],
          "mgmt": []
        }
      },
      "type": [
        "object",
        {
          "vmseries-01": [
            "object",
            {
              "interface_eth1": [
                "tuple",
                []
              ],
              "interface_eth2": [
                "tuple",
                []
              ],
              "mgmt": [
                "tuple",
                []
              ]
            }
          ]
        }
      ]
    },
    "vmseries_public_ips": {
      "value": {
        "vmseries-01": {
          "mgmt": "184.72.34.1"
        }
      },
      "type": [
        "object",
        {
          "vmseries-01": [
            "object",
            {
              "mgmt": "string"
            }
          ]
        }
      ]
    }
  },
  "resources": [
    {
      "mode": "data",
      "type": "aws_caller_identity",
      "name": "this",
      "provider": "provider[\"registry.terraform.io/hashicorp/aws\"]",
      "instances": [
        {
          "schema_version": 0,
          "attributes": {
            "account_id": "961341553712",
            "arn": "arn:aws:sts::961341553712:assumed-role/sso_engineer/ansmittal@paloaltonetworks.com",
            "id": "961341553712",
            "user_id": "AROA57VDL7QYGQQ4DH5QK:ansmittal@paloaltonetworks.com"
          },
          "sensitive_attributes": []
        }
      ]
    },
    {
      "mode": "data",
      "type": "aws_partition",
      "name": "this",
      "provider": "provider[\"registry.terraform.io/hashicorp/aws\"]",
      "instances": [
        {
          "schema_version": 0,
          "attributes": {
            "dns_suffix": "amazonaws.com",
            "id": "aws",
            "partition": "aws",
            "reverse_dns_prefix": "com.amazonaws"
          },
          "sensitive_attributes": []
        }
      ]
    },
    {
      "mode": "managed",
      "type": "aws_iam_role_policy",
      "name": "this",
      "provider": "provider[\"registry.terraform.io/hashicorp/aws\"]",
      "instances": []
    },
    {
      "module": "module.bootstrap[\"vmseries-01\"]",
      "mode": "data",
      "type": "aws_iam_role",
      "name": "this",
      "provider": "provider[\"registry.terraform.io/hashicorp/aws\"]",
      "instances": []
    },
    {
      "module": "module.bootstrap[\"vmseries-01\"]",
      "mode": "data",
      "type": "aws_partition",
      "name": "this",
      "provider": "provider[\"registry.terraform.io/hashicorp/aws\"]",
      "instances": [
        {
          "schema_version": 0,
          "attributes": {
            "dns_suffix": "amazonaws.com",
            "id": "aws",
            "partition": "aws",
            "reverse_dns_prefix": "com.amazonaws"
          },
          "sensitive_attributes": []
        }
      ]
    },
    {
      "module": "module.bootstrap[\"vmseries-01\"]",
      "mode": "data",
      "type": "aws_s3_bucket",
      "name": "this",
      "provider": "provider[\"registry.terraform.io/hashicorp/aws\"]",
      "instances": []
    },
    {
      "module": "module.bootstrap[\"vmseries-01\"]",
      "mode": "managed",
      "type": "aws_iam_instance_profile",
      "name": "this",
      "provider": "provider[\"registry.terraform.io/hashicorp/aws\"]",
      "instances": [
        {
          "schema_version": 0,
          "attributes": {
            "arn": "arn:aws:iam::961341553712:instance-profile/ansh193-vmseries_instance_profile01",
            "create_date": "2025-11-06T18:40:56Z",
            "id": "ansh193-vmseries_instance_profile01",
            "name": "ansh193-vmseries_instance_profile01",
            "name_prefix": "",
            "path": "/",
            "role": "ansh193-vmseries01",
            "tags": null,
            "tags_all": {},
            "unique_id": "AIPA57VDL7QYDMHYOGPQV"
          },
          "sensitive_attributes": [],
          "private": "bnVsbA==",
          "dependencies": [
            "module.bootstrap.aws_iam_role.this",
            "module.bootstrap.data.aws_iam_role.this",
            "module.bootstrap.random_id.sufix"
          ]
        }
      ]
    },
    {
      "module": "module.bootstrap[\"vmseries-01\"]",
      "mode": "managed",
      "type": "aws_iam_role",
      "name": "this",
      "provider": "provider[\"registry.terraform.io/hashicorp/aws\"]",
      "instances": [
        {
          "index_key": 0,
          "schema_version": 0,
          "attributes": {
            "arn": "arn:aws:iam::961341553712:role/ansh193-vmseries01",
            "assume_role_policy": "{\"Statement\":[{\"Action\":\"sts:AssumeRole\",\"Effect\":\"Allow\",\"Principal\":{\"Service\":\"ec2.amazonaws.com\"}}],\"Version\":\"2012-10-17\"}",
            "create_date": "2025-11-06T18:40:55Z",
            "description": "",
            "force_detach_policies": false,
            "id": "ansh193-vmseries01",
            "inline_policy": [],
            "managed_policy_arns": [],
            "max_session_duration": 3600,
            "name": "ansh193-vmseries01",
            "name_prefix": "",
            "path": "/",
            "permissions_boundary": "",
            "tags": {
              "Application": "Palo Alto Networks VM-Series NGFW",
              "ManagedBy": "terraform",
              "Owner": "PS Team"
            },
            "tags_all": {
              "Application": "Palo Alto Networks VM-Series NGFW",
              "ManagedBy": "terraform",
              "Owner": "PS Team"
            },
            "unique_id": "AROA57VDL7QYKW7EA7HLW"
          },
          "sensitive_attributes": [],
          "private": "bnVsbA==",
          "dependencies": [
            "module.bootstrap.random_id.sufix"
          ]
        }
      ]
    },
    {
      "module": "module.bootstrap[\"vmseries-01\"]",
      "mode": "managed",
      "type": "aws_iam_role_policy",
      "name": "bootstrap",
      "provider": "provider[\"registry.terraform.io/hashicorp/aws\"]",
      "instances": [
        {
          "index_key": 0,
          "schema_version": 0,
          "attributes": {
            "id": "ansh193-vmseries01:ansh193-vmseries01",
            "name": "ansh193-vmseries01",
            "name_prefix": "",
            "policy": "{\"Version\":\"2012-10-17\",\"Statement\":[{\"Action\":\"s3:ListBucket\",\"Effect\":\"Allow\",\"Resource\":\"arn:aws:s3:::ansh193-3eb6ed04737ce28d\"},{\"Action\":\"s3:GetObject\",\"Effect\":\"Allow\",\"Resource\":\"arn:aws:s3:::ansh193-3eb6ed04737ce28d/*\"}]}",
            "role": "ansh193-vmseries01"
          },
          "sensitive_attributes": [],
          "private": "bnVsbA==",
          "dependencies": [
            "module.bootstrap.aws_iam_role.this",
            "module.bootstrap.aws_s3_bucket.this",
            "module.bootstrap.data.aws_iam_role.this",
            "module.bootstrap.data.aws_partition.this",
            "module.bootstrap.data.aws_s3_bucket.this",
            "module.bootstrap.random_id.sufix"
          ]
        }
      ]
    },
    {
      "module": "module.bootstrap[\"vmseries-01\"]",
      "mode": "managed",
      "type": "aws_s3_bucket",
      "name": "this",
      "provider": "provider[\"registry.terraform.io/hashicorp/aws\"]",
      "instances": [
        {
          "index_key": 0,
          "schema_version": 0,
          "attributes": {
            "acceleration_status": "",
            "acl": null,
            "arn": "arn:aws:s3:::ansh193-3eb6ed04737ce28d",
            "bucket": "ansh193-3eb6ed04737ce28d",
            "bucket_domain_name": "ansh193-3eb6ed04737ce28d.s3.amazonaws.com",
            "bucket_prefix": "",
            "bucket_regional_domain_name": "ansh193-3eb6ed04737ce28d.s3.us-west-1.amazonaws.com",
            "cors_rule": [],
            "force_destroy": true,
            "grant": [
              {
                "id": "5e6aa30c7ea490cfbc852527dbba22b38fddbd72c298e7345d47e51fc5d90ad7",
                "permissions": [
                  "FULL_CONTROL"
                ],
                "type": "CanonicalUser",
                "uri": ""
              }
            ],
            "hosted_zone_id": "Z2F56UZL2M1ACD",
            "id": "ansh193-3eb6ed04737ce28d",
            "lifecycle_rule": [],
            "logging": [],
            "object_lock_configuration": [],
            "object_lock_enabled": false,
            "policy": "",
            "region": "us-west-1",
            "replication_configuration": [],
            "request_payer": "BucketOwner",
            "server_side_encryption_configuration": [
              {
                "rule": [
                  {
                    "apply_server_side_encryption_by_default": [
                      {
                        "kms_master_key_id": "",
                        "sse_algorithm": "AES256"
                      }
                    ],
                    "bucket_key_enabled": false
                  }
                ]
              }
            ],
            "tags": {
              "Application": "Palo Alto Networks VM-Series NGFW",
              "ManagedBy": "terraform",
              "Owner": "PS Team"
            },
            "tags_all": {
              "Application": "Palo Alto Networks VM-Series NGFW",
              "ManagedBy": "terraform",
              "Owner": "PS Team"
            },
            "timeouts": null,
            "versioning": [
              {
                "enabled": false,
                "mfa_delete": false
              }
            ],
            "website": [],
            "website_domain": null,
            "website_endpoint": null
          },
          "sensitive_attributes": [],
          "private": "eyJlMmJmYjczMC1lY2FhLTExZTYtOGY4OC0zNDM2M2JjN2M0YzAiOnsiY3JlYXRlIjoxMjAwMDAwMDAwMDAwLCJkZWxldGUiOjM2MDAwMDAwMDAwMDAsInJlYWQiOjEyMDAwMDAwMDAwMDAsInVwZGF0ZSI6MTIwMDAwMDAwMDAwMH19",
          "dependencies": [
            "module.bootstrap.random_id.sufix"
          ]
        }
      ]
    },
    {
      "module": "module.bootstrap[\"vmseries-01\"]",
      "mode": "managed",
      "type": "aws_s3_bucket_ownership_controls",
      "name": "this",
      "provider": "provider[\"registry.terraform.io/hashicorp/aws\"]",
      "instances": [
        {
          "index_key": 0,
          "schema_version": 0,
          "attributes": {
            "bucket": "ansh193-3eb6ed04737ce28d",
            "id": "ansh193-3eb6ed04737ce28d",
            "rule": [
              {
                "object_ownership": "BucketOwnerEnforced"
              }
            ]
          },
          "sensitive_attributes": [],
          "private": "bnVsbA==",
          "dependencies": [
            "module.bootstrap.aws_s3_bucket.this",
            "module.bootstrap.random_id.sufix"
          ]
        }
      ]
    },
    {
      "module": "module.bootstrap[\"vmseries-01\"]",
      "mode": "managed",
      "type": "aws_s3_bucket_public_access_block",
      "name": "this",
      "provider": "provider[\"registry.terraform.io/hashicorp/aws\"]",
      "instances": [
        {
          "index_key": 0,
          "schema_version": 0,
          "attributes": {
            "block_public_acls": true,
            "block_public_policy": true,
            "bucket": "ansh193-3eb6ed04737ce28d",
            "id": "ansh193-3eb6ed04737ce28d",
            "ignore_public_acls": true,
            "restrict_public_buckets": true
          },
          "sensitive_attributes": [],
          "private": "bnVsbA==",
          "dependencies": [
            "module.bootstrap.aws_s3_bucket.this",
            "module.bootstrap.random_id.sufix"
          ]
        }
      ]
    },
    {
      "module": "module.bootstrap[\"vmseries-01\"]",
      "mode": "managed",
      "type": "aws_s3_bucket_server_side_encryption_configuration",
      "name": "example",
      "provider": "provider[\"registry.terraform.io/hashicorp/aws\"]",
      "instances": [
        {
          "index_key": 0,
          "schema_version": 0,
          "attributes": {
            "bucket": "ansh193-3eb6ed04737ce28d",
            "expected_bucket_owner": "",
            "id": "ansh193-3eb6ed04737ce28d",
            "rule": [
              {
                "apply_server_side_encryption_by_default": [
                  {
                    "kms_master_key_id": "",
                    "sse_algorithm": "aws:kms"
                  }
                ],
                "bucket_key_enabled": null
              }
            ]
          },
          "sensitive_attributes": [],
          "private": "bnVsbA==",
          "dependencies": [
            "module.bootstrap.aws_s3_bucket.this",
            "module.bootstrap.random_id.sufix"
          ]
        }
      ]
    },
    {
      "module": "module.bootstrap[\"vmseries-01\"]",
      "mode": "managed",
      "type": "aws_s3_bucket_versioning",
      "name": "this",
      "provider": "provider[\"registry.terraform.io/hashicorp/aws\"]",
      "instances": [
        {
          "index_key": 0,
          "schema_version": 0,
          "attributes": {
            "bucket": "ansh193-3eb6ed04737ce28d",
            "expected_bucket_owner": "",
            "id": "ansh193-3eb6ed04737ce28d",
            "mfa": null,
            "versioning_configuration": [
              {
                "mfa_delete": "",
                "status": "Enabled"
              }
            ]
          },
          "sensitive_attributes": [],
          "private": "bnVsbA==",
          "dependencies": [
            "module.bootstrap.aws_s3_bucket.this",
            "module.bootstrap.random_id.sufix"
          ]
        }
      ]
    },
    {
      "module": "module.bootstrap[\"vmseries-01\"]",
      "mode": "managed",
      "type": "aws_s3_object",
      "name": "bootstrap_dirs",
      "provider": "provider[\"registry.terraform.io/hashicorp/aws\"]",
      "instances": [
        {
          "index_key": "config/",
          "schema_version": 0,
          "attributes": {
            "acl": null,
            "arn": "arn:aws:s3:::ansh193-3eb6ed04737ce28d/config/",
            "bucket": "ansh193-3eb6ed04737ce28d",
            "bucket_key_enabled": false,
            "cache_control": "",
            "checksum_algorithm": null,
            "checksum_crc32": "",
            "checksum_crc32c": "",
            "checksum_crc64nvme": "",
            "checksum_sha1": "",
            "checksum_sha256": "",
            "content": "/dev/null",
            "content_base64": null,
            "content_disposition": "",
            "content_encoding": "",
            "content_language": "",
            "content_type": "application/octet-stream",
            "etag": "ee35e7c782791419f29316f183d5d6d3",
            "force_destroy": false,
            "id": "config/",
            "key": "config/",
            "kms_key_id": null,
            "metadata": null,
            "object_lock_legal_hold_status": "",
            "object_lock_mode": "",
            "object_lock_retain_until_date": "",
            "override_provider": [],
            "server_side_encryption": "AES256",
            "source": null,
            "source_hash": null,
            "storage_class": "STANDARD",
            "tags": null,
            "tags_all": {},
            "version_id": "",
            "website_redirect": ""
          },
          "sensitive_attributes": [],
          "private": "bnVsbA==",
          "dependencies": [
            "module.bootstrap.aws_s3_bucket.this",
            "module.bootstrap.data.aws_s3_bucket.this",
            "module.bootstrap.random_id.sufix"
          ]
        },
        {
          "index_key": "content/",
          "schema_version": 0,
          "attributes": {
            "acl": null,
            "arn": "arn:aws:s3:::ansh193-3eb6ed04737ce28d/content/",
            "bucket": "ansh193-3eb6ed04737ce28d",
            "bucket_key_enabled": false,
            "cache_control": "",
            "checksum_algorithm": null,
            "checksum_crc32": "",
            "checksum_crc32c": "",
            "checksum_crc64nvme": "",
            "checksum_sha1": "",
            "checksum_sha256": "",
            "content": "/dev/null",
            "content_base64": null,
            "content_disposition": "",
            "content_encoding": "",
            "content_language": "",
            "content_type": "application/octet-stream",
            "etag": "ee35e7c782791419f29316f183d5d6d3",
            "force_destroy": false,
            "id": "content/",
            "key": "content/",
            "kms_key_id": null,
            "metadata": null,
            "object_lock_legal_hold_status": "",
            "object_lock_mode": "",
            "object_lock_retain_until_date": "",
            "override_provider": [],
            "server_side_encryption": "AES256",
            "source": null,
            "source_hash": null,
            "storage_class": "STANDARD",
            "tags": null,
            "tags_all": {},
            "version_id": "null",
            "website_redirect": ""
          },
          "sensitive_attributes": [],
          "private": "bnVsbA==",
          "dependencies": [
            "module.bootstrap.aws_s3_bucket.this",
            "module.bootstrap.data.aws_s3_bucket.this",
            "module.bootstrap.random_id.sufix"
          ]
        },
        {
          "index_key": "license/",
          "status": "tainted",
          "schema_version": 0,
          "attributes": {
            "acl": null,
            "arn": "arn:aws:s3:::ansh193-3eb6ed04737ce28d/license/",
            "bucket": "ansh193-3eb6ed04737ce28d",
            "bucket_key_enabled": false,
            "cache_control": "",
            "checksum_algorithm": null,
            "checksum_crc32": "",
            "checksum_crc32c": "",
            "checksum_crc64nvme": "",
            "checksum_sha1": "",
            "checksum_sha256": "",
            "content": "/dev/null",
            "content_base64": null,
            "content_disposition": "",
            "content_encoding": "",
            "content_language": "",
            "content_type": "application/octet-stream",
            "etag": "ee35e7c782791419f29316f183d5d6d3",
            "force_destroy": false,
            "id": "license/",
            "key": "license/",
            "kms_key_id": null,
            "metadata": null,
            "object_lock_legal_hold_status": "",
            "object_lock_mode": "",
            "object_lock_retain_until_date": "",
            "override_provider": [],
            "server_side_encryption": "AES256",
            "source": null,
            "source_hash": null,
            "storage_class": "STANDARD",
            "tags": null,
            "tags_all": null,
            "version_id": "QPiaddCL6FWNSMJHk7.Aeej5uK8fJlKr",
            "website_redirect": ""
          },
          "sensitive_attributes": [],
          "private": "bnVsbA==",
          "dependencies": [
            "module.bootstrap.aws_s3_bucket.this",
            "module.bootstrap.data.aws_s3_bucket.this",
            "module.bootstrap.random_id.sufix"
          ]
        },
        {
          "index_key": "plugins/",
          "schema_version": 0,
          "attributes": {
            "acl": null,
            "arn": "arn:aws:s3:::ansh193-3eb6ed04737ce28d/plugins/",
            "bucket": "ansh193-3eb6ed04737ce28d",
            "bucket_key_enabled": false,
            "cache_control": "",
            "checksum_algorithm": null,
            "checksum_crc32": "",
            "checksum_crc32c": "",
            "checksum_crc64nvme": "",
            "checksum_sha1": "",
            "checksum_sha256": "",
            "content": "/dev/null",
            "content_base64": null,
            "content_disposition": "",
            "content_encoding": "",
            "content_language": "",
            "content_type": "application/octet-stream",
            "etag": "ee35e7c782791419f29316f183d5d6d3",
            "force_destroy": false,
            "id": "plugins/",
            "key": "plugins/",
            "kms_key_id": null,
            "metadata": null,
            "object_lock_legal_hold_status": "",
            "object_lock_mode": "",
            "object_lock_retain_until_date": "",
            "override_provider": [],
            "server_side_encryption": "AES256",
            "source": null,
            "source_hash": null,
            "storage_class": "STANDARD",
            "tags": null,
            "tags_all": {},
            "version_id": "",
            "website_redirect": ""
          },
          "sensitive_attributes": [],
          "private": "bnVsbA==",
          "dependencies": [
            "module.bootstrap.aws_s3_bucket.this",
            "module.bootstrap.data.aws_s3_bucket.this",
            "module.bootstrap.random_id.sufix"
          ]
        },
        {
          "index_key": "software/",
          "schema_version": 0,
          "attributes": {
            "acl": null,
            "arn": "arn:aws:s3:::ansh193-3eb6ed04737ce28d/software/",
            "bucket": "ansh193-3eb6ed04737ce28d",
            "bucket_key_enabled": false,
            "cache_control": "",
            "checksum_algorithm": null,
            "checksum_crc32": "",
            "checksum_crc32c": "",
            "checksum_crc64nvme": "",
            "checksum_sha1": "",
            "checksum_sha256": "",
            "content": "/dev/null",
            "content_base64": null,
            "content_disposition": "",
            "content_encoding": "",
            "content_language": "",
            "content_type": "application/octet-stream",
            "etag": "ee35e7c782791419f29316f183d5d6d3",
            "force_destroy": false,
            "id": "software/",
            "key": "software/",
            "kms_key_id": null,
            "metadata": null,
            "object_lock_legal_hold_status": "",
            "object_lock_mode": "",
            "object_lock_retain_until_date": "",
            "override_provider": [],
            "server_side_encryption": "AES256",
            "source": null,
            "source_hash": null,
            "storage_class": "STANDARD",
            "tags": null,
            "tags_all": {},
            "version_id": "",
            "website_redirect": ""
          },
          "sensitive_attributes": [],
          "private": "bnVsbA==",
          "dependencies": [
            "module.bootstrap.aws_s3_bucket.this",
            "module.bootstrap.data.aws_s3_bucket.this",
            "module.bootstrap.random_id.sufix"
          ]
        }
      ]
    },
    {
      "module": "module.bootstrap[\"vmseries-01\"]",
      "mode": "managed",
      "type": "aws_s3_object",
      "name": "bootstrap_files",
      "provider": "provider[\"registry.terraform.io/hashicorp/aws\"]",
      "instances": [
        {
          "index_key": "config/init-cfg.txt",
          "schema_version": 0,
          "attributes": {
            "acl": null,
            "arn": "arn:aws:s3:::ansh193-3eb6ed04737ce28d/config/init-cfg.txt",
            "bucket": "ansh193-3eb6ed04737ce28d",
            "bucket_key_enabled": false,
            "cache_control": "",
            "checksum_algorithm": null,
            "checksum_crc32": "",
            "checksum_crc32c": "",
            "checksum_crc64nvme": "",
            "checksum_sha1": "",
            "checksum_sha256": "",
            "content": null,
            "content_base64": null,
            "content_disposition": "",
            "content_encoding": "",
            "content_language": "",
            "content_type": "application/octet-stream",
            "etag": "ead27325979d6ca0d683c69f713bca90",
            "force_destroy": false,
            "id": "config/init-cfg.txt",
            "key": "config/init-cfg.txt",
            "kms_key_id": "arn:aws:kms:us-west-1:961341553712:key/9f9dc14c-b73a-4b40-bb3f-bbc9d76435ad",
            "metadata": null,
            "object_lock_legal_hold_status": "",
            "object_lock_mode": "",
            "object_lock_retain_until_date": "",
            "override_provider": [],
            "server_side_encryption": "aws:kms",
            "source": "files/config/init-cfg.txt",
            "source_hash": "1eafa2b446e3260d0c7475de14c029c3",
            "storage_class": "STANDARD",
            "tags": null,
            "tags_all": {},
            "version_id": "Xv8yR3N64Q2o_A8fqkRY4HDJ9IFPYg2.",
            "website_redirect": ""
          },
          "sensitive_attributes": [],
          "private": "bnVsbA==",
          "dependencies": [
            "module.bootstrap.aws_s3_bucket.this",
            "module.bootstrap.data.aws_s3_bucket.this",
            "module.bootstrap.random_id.sufix"
          ]
        },
        {
          "index_key": "license/authcodes",
          "schema_version": 0,
          "attributes": {
            "acl": null,
            "arn": "arn:aws:s3:::ansh193-3eb6ed04737ce28d/license/authcodes",
            "bucket": "ansh193-3eb6ed04737ce28d",
            "bucket_key_enabled": false,
            "cache_control": "",
            "checksum_algorithm": null,
            "checksum_crc32": "",
            "checksum_crc32c": "",
            "checksum_crc64nvme": "",
            "checksum_sha1": "",
            "checksum_sha256": "",
            "content": null,
            "content_base64": null,
            "content_disposition": "",
            "content_encoding": "",
            "content_language": "",
            "content_type": "application/octet-stream",
            "etag": "c6ae82c84719b7e8a1fd311a4df35ae0",
            "force_destroy": false,
            "id": "license/authcodes",
            "key": "license/authcodes",
            "kms_key_id": null,
            "metadata": null,
            "object_lock_legal_hold_status": "",
            "object_lock_mode": "",
            "object_lock_retain_until_date": "",
            "override_provider": [],
            "server_side_encryption": "AES256",
            "source": "files/license/authcodes",
            "source_hash": "c6ae82c84719b7e8a1fd311a4df35ae0",
            "storage_class": "STANDARD",
            "tags": null,
            "tags_all": {},
            "version_id": "",
            "website_redirect": ""
          },
          "sensitive_attributes": [],
          "private": "bnVsbA==",
          "dependencies": [
            "module.bootstrap.aws_s3_bucket.this",
            "module.bootstrap.data.aws_s3_bucket.this",
            "module.bootstrap.random_id.sufix"
          ]
        }
      ]
    },
    {
      "module": "module.bootstrap[\"vmseries-01\"]",
      "mode": "managed",
      "type": "random_id",
      "name": "sufix",
      "provider": "provider[\"registry.terraform.io/hashicorp/random\"]",
      "instances": [
        {
          "schema_version": 0,
          "attributes": {
            "b64_std": "PrbtBHN84o0=",
            "b64_url": "PrbtBHN84o0",
            "byte_length": 8,
            "dec": "4519059879486087821",
            "hex": "3eb6ed04737ce28d",
            "id": "PrbtBHN84o0",
            "keepers": null,
            "prefix": null
          },
          "sensitive_attributes": [],
          "private": "bnVsbA=="
        }
      ]
    },
    {
      "module": "module.subnet_sets[\"security_vpc-mgmt\"]",
      "mode": "data",
      "type": "aws_route_table",
      "name": "this",
      "provider": "provider[\"registry.terraform.io/hashicorp/aws\"]",
      "instances": []
    },
    {
      "module": "module.subnet_sets[\"security_vpc-mgmt\"]",
      "mode": "data",
      "type": "aws_subnet",
      "name": "this",
      "provider": "provider[\"registry.terraform.io/hashicorp/aws\"]",
      "instances": []
    },
    {
      "module": "module.subnet_sets[\"security_vpc-mgmt\"]",
      "mode": "managed",
      "type": "aws_route_table",
      "name": "shared",
      "provider": "provider[\"registry.terraform.io/hashicorp/aws\"]",
      "instances": []
    },
    {
      "module": "module.subnet_sets[\"security_vpc-mgmt\"]",
      "mode": "managed",
      "type": "aws_route_table",
      "name": "this",
      "provider": "provider[\"registry.terraform.io/hashicorp/aws\"]",
      "instances": [
        {
          "index_key": "us-west-1b",
          "schema_version": 0,
          "attributes": {
            "arn": "arn:aws:ec2:us-west-1:961341553712:route-table/rtb-08d277ce89633bf03",
            "id": "rtb-08d277ce89633bf03",
            "owner_id": "961341553712",
            "propagating_vgws": [],
            "route": [
              {
                "carrier_gateway_id": "",
                "cidr_block": "0.0.0.0/0",
                "core_network_arn": "",
                "destination_prefix_list_id": "",
                "egress_only_gateway_id": "",
                "gateway_id": "igw-0386a7cef4034b8c7",
                "ipv6_cidr_block": "",
                "local_gateway_id": "",
                "nat_gateway_id": "",
                "network_interface_id": "",
                "transit_gateway_id": "",
                "vpc_endpoint_id": "",
                "vpc_peering_connection_id": ""
              }
            ],
            "tags": {
              "Application": "Palo Alto Networks VM-Series NGFW",
              "ManagedBy": "terraform",
              "Name": "mgmtb",
              "Owner": "PS Team"
            },
            "tags_all": {
              "Application": "Palo Alto Networks VM-Series NGFW",
              "ManagedBy": "terraform",
              "Name": "mgmtb",
              "Owner": "PS Team"
            },
            "timeouts": null,
            "vpc_id": "vpc-0470547aa8d3eb23f"
          },
          "sensitive_attributes": [],
          "private": "eyJlMmJmYjczMC1lY2FhLTExZTYtOGY4OC0zNDM2M2JjN2M0YzAiOnsiY3JlYXRlIjozMDAwMDAwMDAwMDAsImRlbGV0ZSI6MzAwMDAwMDAwMDAwLCJ1cGRhdGUiOjEyMDAwMDAwMDAwMH19",
          "dependencies": [
            "module.vpc.aws_internet_gateway.this",
            "module.vpc.aws_network_acl.this",
            "module.vpc.aws_network_acl_rule.this",
            "module.vpc.aws_route_table.from_igw",
            "module.vpc.aws_route_table.from_vgw",
            "module.vpc.aws_route_table_association.from_igw",
            "module.vpc.aws_route_table_association.from_vgw",
            "module.vpc.aws_security_group.this",
            "module.vpc.aws_vpc.this",
            "module.vpc.aws_vpc_dhcp_options.this",
            "module.vpc.aws_vpc_dhcp_options_association.this",
            "module.vpc.aws_vpc_ipv4_cidr_block_association.this",
            "module.vpc.aws_vpn_gateway.this",
            "module.vpc.data.aws_internet_gateway.this",
            "module.vpc.data.aws_vpc.this"
          ]
        }
      ]
    },
    {
      "module": "module.subnet_sets[\"security_vpc-mgmt\"]",
      "mode": "managed",
      "type": "aws_route_table_association",
      "name": "this",
      "provider": "provider[\"registry.terraform.io/hashicorp/aws\"]",
      "instances": [
        {
          "index_key": "us-west-1b",
          "schema_version": 0,
          "attributes": {
            "gateway_id": "",
            "id": "rtbassoc-0b2463769cd687797",
            "route_table_id": "rtb-08d277ce89633bf03",
            "subnet_id": "subnet-0d0bf73598c4b65f6",
            "timeouts": null
          },
          "sensitive_attributes": [],
          "private": "eyJlMmJmYjczMC1lY2FhLTExZTYtOGY4OC0zNDM2M2JjN2M0YzAiOnsiY3JlYXRlIjozMDAwMDAwMDAwMDAsImRlbGV0ZSI6MzAwMDAwMDAwMDAwLCJ1cGRhdGUiOjEyMDAwMDAwMDAwMH19",
          "dependencies": [
            "module.subnet_sets.aws_route_table.shared",
            "module.subnet_sets.aws_route_table.this",
            "module.subnet_sets.aws_subnet.this",
            "module.subnet_sets.data.aws_route_table.this",
            "module.subnet_sets.data.aws_subnet.this",
            "module.vpc.aws_internet_gateway.this",
            "module.vpc.aws_network_acl.this",
            "module.vpc.aws_network_acl_rule.this",
            "module.vpc.aws_route_table.from_igw",
            "module.vpc.aws_route_table.from_vgw",
            "module.vpc.aws_route_table_association.from_igw",
            "module.vpc.aws_route_table_association.from_vgw",
            "module.vpc.aws_security_group.this",
            "module.vpc.aws_vpc.this",
            "module.vpc.aws_vpc_dhcp_options.this",
            "module.vpc.aws_vpc_dhcp_options_association.this",
            "module.vpc.aws_vpc_ipv4_cidr_block_association.this",
            "module.vpc.aws_vpn_gateway.this",
            "module.vpc.data.aws_internet_gateway.this",
            "module.vpc.data.aws_vpc.this"
          ]
        }
      ]
    },
    {
      "module": "module.subnet_sets[\"security_vpc-mgmt\"]",
      "mode": "managed",
      "type": "aws_subnet",
      "name": "this",
      "provider": "provider[\"registry.terraform.io/hashicorp/aws\"]",
      "instances": [
        {
          "index_key": "us-west-1b",
          "schema_version": 1,
          "attributes": {
            "arn": "arn:aws:ec2:us-west-1:961341553712:subnet/subnet-0d0bf73598c4b65f6",
            "assign_ipv6_address_on_creation": false,
            "availability_zone": "us-west-1b",
            "availability_zone_id": "usw1-az3",
            "cidr_block": "10.100.0.0/24",
            "customer_owned_ipv4_pool": "",
            "enable_dns64": false,
            "enable_lni_at_device_index": 0,
            "enable_resource_name_dns_a_record_on_launch": false,
            "enable_resource_name_dns_aaaa_record_on_launch": false,
            "id": "subnet-0d0bf73598c4b65f6",
            "ipv6_cidr_block": "",
            "ipv6_cidr_block_association_id": "",
            "ipv6_native": false,
            "map_customer_owned_ip_on_launch": false,
            "map_public_ip_on_launch": false,
            "outpost_arn": "",
            "owner_id": "961341553712",
            "private_dns_hostname_type_on_launch": "ip-name",
            "tags": {
              "Application": "Palo Alto Networks VM-Series NGFW",
              "ManagedBy": "terraform",
              "Name": "mgmtb",
              "Owner": "PS Team"
            },
            "tags_all": {
              "Application": "Palo Alto Networks VM-Series NGFW",
              "ManagedBy": "terraform",
              "Name": "mgmtb",
              "Owner": "PS Team"
            },
            "timeouts": null,
            "vpc_id": "vpc-0470547aa8d3eb23f"
          },
          "sensitive_attributes": [],
          "private": "eyJlMmJmYjczMC1lY2FhLTExZTYtOGY4OC0zNDM2M2JjN2M0YzAiOnsiY3JlYXRlIjo2MDAwMDAwMDAwMDAsImRlbGV0ZSI6MTIwMDAwMDAwMDAwMH0sInNjaGVtYV92ZXJzaW9uIjoiMSJ9",
          "dependencies": [
            "module.vpc.aws_internet_gateway.this",
            "module.vpc.aws_network_acl.this",
            "module.vpc.aws_network_acl_rule.this",
            "module.vpc.aws_route_table.from_igw",
            "module.vpc.aws_route_table.from_vgw",
            "module.vpc.aws_route_table_association.from_igw",
            "module.vpc.aws_route_table_association.from_vgw",
            "module.vpc.aws_security_group.this",
            "module.vpc.aws_vpc.this",
            "module.vpc.aws_vpc_dhcp_options.this",
            "module.vpc.aws_vpc_dhcp_options_association.this",
            "module.vpc.aws_vpc_ipv4_cidr_block_association.this",
            "module.vpc.aws_vpn_gateway.this",
            "module.vpc.data.aws_internet_gateway.this",
            "module.vpc.data.aws_vpc.this"
          ]
        }
      ]
    },
    {
      "module": "module.subnet_sets[\"security_vpc-trust\"]",
      "mode": "data",
      "type": "aws_route_table",
      "name": "this",
      "provider": "provider[\"registry.terraform.io/hashicorp/aws\"]",
      "instances": []
    },
    {
      "module": "module.subnet_sets[\"security_vpc-trust\"]",
      "mode": "data",
      "type": "aws_subnet",
      "name": "this",
      "provider": "provider[\"registry.terraform.io/hashicorp/aws\"]",
      "instances": []
    },
    {
      "module": "module.subnet_sets[\"security_vpc-trust\"]",
      "mode": "managed",
      "type": "aws_route_table",
      "name": "shared",
      "provider": "provider[\"registry.terraform.io/hashicorp/aws\"]",
      "instances": []
    },
    {
      "module": "module.subnet_sets[\"security_vpc-trust\"]",
      "mode": "managed",
      "type": "aws_route_table",
      "name": "this",
      "provider": "provider[\"registry.terraform.io/hashicorp/aws\"]",
      "instances": [
        {
          "index_key": "us-west-1b",
          "schema_version": 0,
          "attributes": {
            "arn": "arn:aws:ec2:us-west-1:961341553712:route-table/rtb-060872306e7f807c2",
            "id": "rtb-060872306e7f807c2",
            "owner_id": "961341553712",
            "propagating_vgws": [],
            "route": [],
            "tags": {
              "Application": "Palo Alto Networks VM-Series NGFW",
              "ManagedBy": "terraform",
              "Name": "trustb",
              "Owner": "PS Team"
            },
            "tags_all": {
              "Application": "Palo Alto Networks VM-Series NGFW",
              "ManagedBy": "terraform",
              "Name": "trustb",
              "Owner": "PS Team"
            },
            "timeouts": null,
            "vpc_id": "vpc-0470547aa8d3eb23f"
          },
          "sensitive_attributes": [],
          "private": "eyJlMmJmYjczMC1lY2FhLTExZTYtOGY4OC0zNDM2M2JjN2M0YzAiOnsiY3JlYXRlIjozMDAwMDAwMDAwMDAsImRlbGV0ZSI6MzAwMDAwMDAwMDAwLCJ1cGRhdGUiOjEyMDAwMDAwMDAwMH19",
          "dependencies": [
            "module.vpc.aws_internet_gateway.this",
            "module.vpc.aws_network_acl.this",
            "module.vpc.aws_network_acl_rule.this",
            "module.vpc.aws_route_table.from_igw",
            "module.vpc.aws_route_table.from_vgw",
            "module.vpc.aws_route_table_association.from_igw",
            "module.vpc.aws_route_table_association.from_vgw",
            "module.vpc.aws_security_group.this",
            "module.vpc.aws_vpc.this",
            "module.vpc.aws_vpc_dhcp_options.this",
            "module.vpc.aws_vpc_dhcp_options_association.this",
            "module.vpc.aws_vpc_ipv4_cidr_block_association.this",
            "module.vpc.aws_vpn_gateway.this",
            "module.vpc.data.aws_internet_gateway.this",
            "module.vpc.data.aws_vpc.this"
          ]
        }
      ]
    },
    {
      "module": "module.subnet_sets[\"security_vpc-trust\"]",
      "mode": "managed",
      "type": "aws_route_table_association",
      "name": "this",
      "provider": "provider[\"registry.terraform.io/hashicorp/aws\"]",
      "instances": [
        {
          "index_key": "us-west-1b",
          "schema_version": 0,
          "attributes": {
            "gateway_id": "",
            "id": "rtbassoc-03249827bea4ded8a",
            "route_table_id": "rtb-060872306e7f807c2",
            "subnet_id": "subnet-0db416b28c5171da0",
            "timeouts": null
          },
          "sensitive_attributes": [],
          "private": "eyJlMmJmYjczMC1lY2FhLTExZTYtOGY4OC0zNDM2M2JjN2M0YzAiOnsiY3JlYXRlIjozMDAwMDAwMDAwMDAsImRlbGV0ZSI6MzAwMDAwMDAwMDAwLCJ1cGRhdGUiOjEyMDAwMDAwMDAwMH19",
          "dependencies": [
            "module.subnet_sets.aws_route_table.shared",
            "module.subnet_sets.aws_route_table.this",
            "module.subnet_sets.aws_subnet.this",
            "module.subnet_sets.data.aws_route_table.this",
            "module.subnet_sets.data.aws_subnet.this",
            "module.vpc.aws_internet_gateway.this",
            "module.vpc.aws_network_acl.this",
            "module.vpc.aws_network_acl_rule.this",
            "module.vpc.aws_route_table.from_igw",
            "module.vpc.aws_route_table.from_vgw",
            "module.vpc.aws_route_table_association.from_igw",
            "module.vpc.aws_route_table_association.from_vgw",
            "module.vpc.aws_security_group.this",
            "module.vpc.aws_vpc.this",
            "module.vpc.aws_vpc_dhcp_options.this",
            "module.vpc.aws_vpc_dhcp_options_association.this",
            "module.vpc.aws_vpc_ipv4_cidr_block_association.this",
            "module.vpc.aws_vpn_gateway.this",
            "module.vpc.data.aws_internet_gateway.this",
            "module.vpc.data.aws_vpc.this"
          ]
        }
      ]
    },
    {
      "module": "module.subnet_sets[\"security_vpc-trust\"]",
      "mode": "managed",
      "type": "aws_subnet",
      "name": "this",
      "provider": "provider[\"registry.terraform.io/hashicorp/aws\"]",
      "instances": [
        {
          "index_key": "us-west-1b",
          "schema_version": 1,
          "attributes": {
            "arn": "arn:aws:ec2:us-west-1:961341553712:subnet/subnet-0db416b28c5171da0",
            "assign_ipv6_address_on_creation": false,
            "availability_zone": "us-west-1b",
            "availability_zone_id": "usw1-az3",
            "cidr_block": "10.100.2.0/24",
            "customer_owned_ipv4_pool": "",
            "enable_dns64": false,
            "enable_lni_at_device_index": 0,
            "enable_resource_name_dns_a_record_on_launch": false,
            "enable_resource_name_dns_aaaa_record_on_launch": false,
            "id": "subnet-0db416b28c5171da0",
            "ipv6_cidr_block": "",
            "ipv6_cidr_block_association_id": "",
            "ipv6_native": false,
            "map_customer_owned_ip_on_launch": false,
            "map_public_ip_on_launch": false,
            "outpost_arn": "",
            "owner_id": "961341553712",
            "private_dns_hostname_type_on_launch": "ip-name",
            "tags": {
              "Application": "Palo Alto Networks VM-Series NGFW",
              "ManagedBy": "terraform",
              "Name": "trustb",
              "Owner": "PS Team"
            },
            "tags_all": {
              "Application": "Palo Alto Networks VM-Series NGFW",
              "ManagedBy": "terraform",
              "Name": "trustb",
              "Owner": "PS Team"
            },
            "timeouts": null,
            "vpc_id": "vpc-0470547aa8d3eb23f"
          },
          "sensitive_attributes": [],
          "private": "eyJlMmJmYjczMC1lY2FhLTExZTYtOGY4OC0zNDM2M2JjN2M0YzAiOnsiY3JlYXRlIjo2MDAwMDAwMDAwMDAsImRlbGV0ZSI6MTIwMDAwMDAwMDAwMH0sInNjaGVtYV92ZXJzaW9uIjoiMSJ9",
          "dependencies": [
            "module.vpc.aws_internet_gateway.this",
            "module.vpc.aws_network_acl.this",
            "module.vpc.aws_network_acl_rule.this",
            "module.vpc.aws_route_table.from_igw",
            "module.vpc.aws_route_table.from_vgw",
            "module.vpc.aws_route_table_association.from_igw",
            "module.vpc.aws_route_table_association.from_vgw",
            "module.vpc.aws_security_group.this",
            "module.vpc.aws_vpc.this",
            "module.vpc.aws_vpc_dhcp_options.this",
            "module.vpc.aws_vpc_dhcp_options_association.this",
            "module.vpc.aws_vpc_ipv4_cidr_block_association.this",
            "module.vpc.aws_vpn_gateway.this",
            "module.vpc.data.aws_internet_gateway.this",
            "module.vpc.data.aws_vpc.this"
          ]
        }
      ]
    },
    {
      "module": "module.subnet_sets[\"security_vpc-untrust\"]",
      "mode": "data",
      "type": "aws_route_table",
      "name": "this",
      "provider": "provider[\"registry.terraform.io/hashicorp/aws\"]",
      "instances": []
    },
    {
      "module": "module.subnet_sets[\"security_vpc-untrust\"]",
      "mode": "data",
      "type": "aws_subnet",
      "name": "this",
      "provider": "provider[\"registry.terraform.io/hashicorp/aws\"]",
      "instances": []
    },
    {
      "module": "module.subnet_sets[\"security_vpc-untrust\"]",
      "mode": "managed",
      "type": "aws_route_table",
      "name": "shared",
      "provider": "provider[\"registry.terraform.io/hashicorp/aws\"]",
      "instances": []
    },
    {
      "module": "module.subnet_sets[\"security_vpc-untrust\"]",
      "mode": "managed",
      "type": "aws_route_table",
      "name": "this",
      "provider": "provider[\"registry.terraform.io/hashicorp/aws\"]",
      "instances": [
        {
          "index_key": "us-west-1b",
          "schema_version": 0,
          "attributes": {
            "arn": "arn:aws:ec2:us-west-1:961341553712:route-table/rtb-0841debfa2f6acf86",
            "id": "rtb-0841debfa2f6acf86",
            "owner_id": "961341553712",
            "propagating_vgws": [],
            "route": [],
            "tags": {
              "Application": "Palo Alto Networks VM-Series NGFW",
              "ManagedBy": "terraform",
              "Name": "untrustb",
              "Owner": "PS Team"
            },
            "tags_all": {
              "Application": "Palo Alto Networks VM-Series NGFW",
              "ManagedBy": "terraform",
              "Name": "untrustb",
              "Owner": "PS Team"
            },
            "timeouts": null,
            "vpc_id": "vpc-0470547aa8d3eb23f"
          },
          "sensitive_attributes": [],
          "private": "eyJlMmJmYjczMC1lY2FhLTExZTYtOGY4OC0zNDM2M2JjN2M0YzAiOnsiY3JlYXRlIjozMDAwMDAwMDAwMDAsImRlbGV0ZSI6MzAwMDAwMDAwMDAwLCJ1cGRhdGUiOjEyMDAwMDAwMDAwMH19",
          "dependencies": [
            "module.vpc.aws_internet_gateway.this",
            "module.vpc.aws_network_acl.this",
            "module.vpc.aws_network_acl_rule.this",
            "module.vpc.aws_route_table.from_igw",
            "module.vpc.aws_route_table.from_vgw",
            "module.vpc.aws_route_table_association.from_igw",
            "module.vpc.aws_route_table_association.from_vgw",
            "module.vpc.aws_security_group.this",
            "module.vpc.aws_vpc.this",
            "module.vpc.aws_vpc_dhcp_options.this",
            "module.vpc.aws_vpc_dhcp_options_association.this",
            "module.vpc.aws_vpc_ipv4_cidr_block_association.this",
            "module.vpc.aws_vpn_gateway.this",
            "module.vpc.data.aws_internet_gateway.this",
            "module.vpc.data.aws_vpc.this"
          ]
        }
      ]
    },
    {
      "module": "module.subnet_sets[\"security_vpc-untrust\"]",
      "mode": "managed",
      "type": "aws_route_table_association",
      "name": "this",
      "provider": "provider[\"registry.terraform.io/hashicorp/aws\"]",
      "instances": [
        {
          "index_key": "us-west-1b",
          "schema_version": 0,
          "attributes": {
            "gateway_id": "",
            "id": "rtbassoc-05f3a9f8830a6fec0",
            "route_table_id": "rtb-0841debfa2f6acf86",
            "subnet_id": "subnet-0af129122b3ba125a",
            "timeouts": null
          },
          "sensitive_attributes": [],
          "private": "eyJlMmJmYjczMC1lY2FhLTExZTYtOGY4OC0zNDM2M2JjN2M0YzAiOnsiY3JlYXRlIjozMDAwMDAwMDAwMDAsImRlbGV0ZSI6MzAwMDAwMDAwMDAwLCJ1cGRhdGUiOjEyMDAwMDAwMDAwMH19",
          "dependencies": [
            "module.subnet_sets.aws_route_table.shared",
            "module.subnet_sets.aws_route_table.this",
            "module.subnet_sets.aws_subnet.this",
            "module.subnet_sets.data.aws_route_table.this",
            "module.subnet_sets.data.aws_subnet.this",
            "module.vpc.aws_internet_gateway.this",
            "module.vpc.aws_network_acl.this",
            "module.vpc.aws_network_acl_rule.this",
            "module.vpc.aws_route_table.from_igw",
            "module.vpc.aws_route_table.from_vgw",
            "module.vpc.aws_route_table_association.from_igw",
            "module.vpc.aws_route_table_association.from_vgw",
            "module.vpc.aws_security_group.this",
            "module.vpc.aws_vpc.this",
            "module.vpc.aws_vpc_dhcp_options.this",
            "module.vpc.aws_vpc_dhcp_options_association.this",
            "module.vpc.aws_vpc_ipv4_cidr_block_association.this",
            "module.vpc.aws_vpn_gateway.this",
            "module.vpc.data.aws_internet_gateway.this",
            "module.vpc.data.aws_vpc.this"
          ]
        }
      ]
    },
    {
      "module": "module.subnet_sets[\"security_vpc-untrust\"]",
      "mode": "managed",
      "type": "aws_subnet",
      "name": "this",
      "provider": "provider[\"registry.terraform.io/hashicorp/aws\"]",
      "instances": [
        {
          "index_key": "us-west-1b",
          "schema_version": 1,
          "attributes": {
            "arn": "arn:aws:ec2:us-west-1:961341553712:subnet/subnet-0af129122b3ba125a",
            "assign_ipv6_address_on_creation": false,
            "availability_zone": "us-west-1b",
            "availability_zone_id": "usw1-az3",
            "cidr_block": "10.100.1.0/24",
            "customer_owned_ipv4_pool": "",
            "enable_dns64": false,
            "enable_lni_at_device_index": 0,
            "enable_resource_name_dns_a_record_on_launch": false,
            "enable_resource_name_dns_aaaa_record_on_launch": false,
            "id": "subnet-0af129122b3ba125a",
            "ipv6_cidr_block": "",
            "ipv6_cidr_block_association_id": "",
            "ipv6_native": false,
            "map_customer_owned_ip_on_launch": false,
            "map_public_ip_on_launch": false,
            "outpost_arn": "",
            "owner_id": "961341553712",
            "private_dns_hostname_type_on_launch": "ip-name",
            "tags": {
              "Application": "Palo Alto Networks VM-Series NGFW",
              "ManagedBy": "terraform",
              "Name": "untrustb",
              "Owner": "PS Team"
            },
            "tags_all": {
              "Application": "Palo Alto Networks VM-Series NGFW",
              "ManagedBy": "terraform",
              "Name": "untrustb",
              "Owner": "PS Team"
            },
            "timeouts": null,
            "vpc_id": "vpc-0470547aa8d3eb23f"
          },
          "sensitive_attributes": [],
          "private": "eyJlMmJmYjczMC1lY2FhLTExZTYtOGY4OC0zNDM2M2JjN2M0YzAiOnsiY3JlYXRlIjo2MDAwMDAwMDAwMDAsImRlbGV0ZSI6MTIwMDAwMDAwMDAwMH0sInNjaGVtYV92ZXJzaW9uIjoiMSJ9",
          "dependencies": [
            "module.vpc.aws_internet_gateway.this",
            "module.vpc.aws_network_acl.this",
            "module.vpc.aws_network_acl_rule.this",
            "module.vpc.aws_route_table.from_igw",
            "module.vpc.aws_route_table.from_vgw",
            "module.vpc.aws_route_table_association.from_igw",
            "module.vpc.aws_route_table_association.from_vgw",
            "module.vpc.aws_security_group.this",
            "module.vpc.aws_vpc.this",
            "module.vpc.aws_vpc_dhcp_options.this",
            "module.vpc.aws_vpc_dhcp_options_association.this",
            "module.vpc.aws_vpc_ipv4_cidr_block_association.this",
            "module.vpc.aws_vpn_gateway.this",
            "module.vpc.data.aws_internet_gateway.this",
            "module.vpc.data.aws_vpc.this"
          ]
        }
      ]
    },
    {
      "module": "module.vmseries[\"vmseries-01\"]",
      "mode": "data",
      "type": "aws_ami",
      "name": "this",
      "provider": "provider[\"registry.terraform.io/hashicorp/aws\"]",
      "instances": []
    },
    {
      "module": "module.vmseries[\"vmseries-01\"]",
      "mode": "data",
      "type": "aws_kms_alias",
      "name": "current_arn",
      "provider": "provider[\"registry.terraform.io/hashicorp/aws\"]",
      "instances": [
        {
          "index_key": 0,
          "schema_version": 0,
          "attributes": {
            "arn": "arn:aws:kms:us-west-1:961341553712:alias/aws/ebs",
            "id": "arn:aws:kms:us-west-1:961341553712:alias/aws/ebs",
            "name": "alias/aws/ebs",
            "target_key_arn": "arn:aws:kms:us-west-1:961341553712:key/c1ad33d6-75c6-4084-aad8-e2c47cd67b43",
            "target_key_id": "c1ad33d6-75c6-4084-aad8-e2c47cd67b43"
          },
          "sensitive_attributes": []
        }
      ]
    },
    {
      "module": "module.vmseries[\"vmseries-01\"]",
      "mode": "managed",
      "type": "aws_eip",
      "name": "this",
      "provider": "provider[\"registry.terraform.io/hashicorp/aws\"]",
      "instances": [
        {
          "index_key": "mgmt",
          "schema_version": 0,
          "attributes": {
            "address": null,
            "allocation_id": "eipalloc-0603a75fe7782864d",
            "arn": "arn:aws:ec2:us-west-1:961341553712:elastic-ip/eipalloc-0603a75fe7782864d",
            "associate_with_private_ip": null,
            "association_id": "eipassoc-0bd2cc0b918c688e1",
            "carrier_ip": "",
            "customer_owned_ip": "",
            "customer_owned_ipv4_pool": "",
            "domain": "vpc",
            "id": "eipalloc-0603a75fe7782864d",
            "instance": "",
            "ipam_pool_id": null,
            "network_border_group": "us-west-1",
            "network_interface": "eni-0e7f5632b8fa10ad5",
            "private_dns": "ip-10-100-0-108.us-west-1.compute.internal",
            "private_ip": "10.100.0.108",
            "ptr_record": "",
            "public_dns": "ec2-184-72-34-1.us-west-1.compute.amazonaws.com",
            "public_ip": "184.72.34.1",
            "public_ipv4_pool": "amazon",
            "tags": {
              "Application": "Palo Alto Networks VM-Series NGFW",
              "ManagedBy": "terraform",
              "Name": "ansh163-vmseries-01-mgmt",
              "Owner": "PS Team"
            },
            "tags_all": {
              "Application": "Palo Alto Networks VM-Series NGFW",
              "ManagedBy": "terraform",
              "Name": "ansh163-vmseries-01-mgmt",
              "Owner": "PS Team"
            },
            "timeouts": null,
            "vpc": true
          },
          "sensitive_attributes": [],
          "private": "eyJlMmJmYjczMC1lY2FhLTExZTYtOGY4OC0zNDM2M2JjN2M0YzAiOnsiZGVsZXRlIjoxODAwMDAwMDAwMDAsInJlYWQiOjkwMDAwMDAwMDAwMCwidXBkYXRlIjozMDAwMDAwMDAwMDB9fQ==",
          "dependencies": [
            "module.subnet_sets.aws_network_acl_association.main",
            "module.subnet_sets.aws_route_table.shared",
            "module.subnet_sets.aws_route_table.this",
            "module.subnet_sets.aws_route_table_association.this",
            "module.subnet_sets.aws_subnet.this",
            "module.subnet_sets.data.aws_route_table.this",
            "module.subnet_sets.data.aws_subnet.this",
            "module.vmseries.aws_network_interface.this",
            "module.vpc.aws_internet_gateway.this",
            "module.vpc.aws_network_acl.this",
            "module.vpc.aws_network_acl_rule.this",
            "module.vpc.aws_route_table.from_igw",
            "module.vpc.aws_route_table.from_vgw",
            "module.vpc.aws_route_table_association.from_igw",
            "module.vpc.aws_route_table_association.from_vgw",
            "module.vpc.aws_security_group.this",
            "module.vpc.aws_vpc.this",
            "module.vpc.aws_vpc_dhcp_options.this",
            "module.vpc.aws_vpc_dhcp_options_association.this",
            "module.vpc.aws_vpc_ipv4_cidr_block_association.this",
            "module.vpc.aws_vpn_gateway.this",
            "module.vpc.data.aws_internet_gateway.this",
            "module.vpc.data.aws_vpc.this"
          ]
        }
      ]
    },
    {
      "module": "module.vmseries[\"vmseries-01\"]",
      "mode": "managed",
      "type": "aws_instance",
      "name": "this",
      "provider": "provider[\"registry.terraform.io/hashicorp/aws\"]",
      "instances": []
    },
    {
      "module": "module.vmseries[\"vmseries-01\"]",
      "mode": "managed",
      "type": "aws_network_interface",
      "name": "this",
      "provider": "provider[\"registry.terraform.io/hashicorp/aws\"]",
      "instances": [
        {
          "index_key": "interface_eth1",
          "schema_version": 0,
          "attributes": {
            "arn": "arn:aws:ec2:us-west-1:961341553712:network-interface/eni-02a4f9ec10012a5cb",
            "attachment": [],
            "description": "",
            "enable_primary_ipv6": null,
            "id": "eni-02a4f9ec10012a5cb",
            "interface_type": "interface",
            "ipv4_prefix_count": 0,
            "ipv4_prefixes": [],
            "ipv6_address_count": 0,
            "ipv6_address_list": [],
            "ipv6_address_list_enabled": false,
            "ipv6_addresses": [],
            "ipv6_prefix_count": 0,
            "ipv6_prefixes": [],
            "mac_address": "06:c6:6e:36:99:e9",
            "outpost_arn": "",
            "owner_id": "961341553712",
            "private_dns_name": "ip-10-100-1-42.us-west-1.compute.internal",
            "private_ip": "10.100.1.42",
            "private_ip_list": [
              "10.100.1.42"
            ],
            "private_ip_list_enabled": false,
            "private_ips": [
              "10.100.1.42"
            ],
            "private_ips_count": 0,
            "security_groups": [],
            "source_dest_check": false,
            "subnet_id": "subnet-0af129122b3ba125a",
            "tags": {
              "Application": "Palo Alto Networks VM-Series NGFW",
              "ManagedBy": "terraform",
              "Name": "ansh193-vmseries-01-interface_eth1",
              "Owner": "PS Team"
            },
            "tags_all": {
              "Application": "Palo Alto Networks VM-Series NGFW",
              "ManagedBy": "terraform",
              "Name": "ansh193-vmseries-01-interface_eth1",
              "Owner": "PS Team"
            }
          },
          "sensitive_attributes": [],
          "private": "bnVsbA==",
          "dependencies": [
            "module.subnet_sets.aws_network_acl_association.main",
            "module.subnet_sets.aws_route_table.shared",
            "module.subnet_sets.aws_route_table.this",
            "module.subnet_sets.aws_route_table_association.this",
            "module.subnet_sets.aws_subnet.this",
            "module.subnet_sets.data.aws_route_table.this",
            "module.subnet_sets.data.aws_subnet.this",
            "module.vpc.aws_internet_gateway.this",
            "module.vpc.aws_network_acl.this",
            "module.vpc.aws_network_acl_rule.this",
            "module.vpc.aws_route_table.from_igw",
            "module.vpc.aws_route_table.from_vgw",
            "module.vpc.aws_route_table_association.from_igw",
            "module.vpc.aws_route_table_association.from_vgw",
            "module.vpc.aws_security_group.this",
            "module.vpc.aws_vpc.this",
            "module.vpc.aws_vpc_dhcp_options.this",
            "module.vpc.aws_vpc_dhcp_options_association.this",
            "module.vpc.aws_vpc_ipv4_cidr_block_association.this",
            "module.vpc.aws_vpn_gateway.this",
            "module.vpc.data.aws_internet_gateway.this",
            "module.vpc.data.aws_vpc.this"
          ]
        },
        {
          "index_key": "interface_eth2",
          "schema_version": 0,
          "attributes": {
            "arn": "arn:aws:ec2:us-west-1:961341553712:network-interface/eni-08a92d4bb599fdf5d",
            "attachment": [],
            "description": "",
            "enable_primary_ipv6": null,
            "id": "eni-08a92d4bb599fdf5d",
            "interface_type": "interface",
            "ipv4_prefix_count": 0,
            "ipv4_prefixes": [],
            "ipv6_address_count": 0,
            "ipv6_address_list": [],
            "ipv6_address_list_enabled": false,
            "ipv6_addresses": [],
            "ipv6_prefix_count": 0,
            "ipv6_prefixes": [],
            "mac_address": "06:bc:79:dc:eb:a3",
            "outpost_arn": "",
            "owner_id": "961341553712",
            "private_dns_name": "ip-10-100-2-212.us-west-1.compute.internal",
            "private_ip": "10.100.2.212",
            "private_ip_list": [
              "10.100.2.212"
            ],
            "private_ip_list_enabled": false,
            "private_ips": [
              "10.100.2.212"
            ],
            "private_ips_count": 0,
            "security_groups": [],
            "source_dest_check": false,
            "subnet_id": "subnet-0db416b28c5171da0",
            "tags": {
              "Application": "Palo Alto Networks VM-Series NGFW",
              "ManagedBy": "terraform",
              "Name": "ansh193-vmseries-01-interface_eth2",
              "Owner": "PS Team"
            },
            "tags_all": {
              "Application": "Palo Alto Networks VM-Series NGFW",
              "ManagedBy": "terraform",
              "Name": "ansh193-vmseries-01-interface_eth2",
              "Owner": "PS Team"
            }
          },
          "sensitive_attributes": [],
          "private": "bnVsbA==",
          "dependencies": [
            "module.subnet_sets.aws_network_acl_association.main",
            "module.subnet_sets.aws_route_table.shared",
            "module.subnet_sets.aws_route_table.this",
            "module.subnet_sets.aws_route_table_association.this",
            "module.subnet_sets.aws_subnet.this",
            "module.subnet_sets.data.aws_route_table.this",
            "module.subnet_sets.data.aws_subnet.this",
            "module.vpc.aws_internet_gateway.this",
            "module.vpc.aws_network_acl.this",
            "module.vpc.aws_network_acl_rule.this",
            "module.vpc.aws_route_table.from_igw",
            "module.vpc.aws_route_table.from_vgw",
            "module.vpc.aws_route_table_association.from_igw",
            "module.vpc.aws_route_table_association.from_vgw",
            "module.vpc.aws_security_group.this",
            "module.vpc.aws_vpc.this",
            "module.vpc.aws_vpc_dhcp_options.this",
            "module.vpc.aws_vpc_dhcp_options_association.this",
            "module.vpc.aws_vpc_ipv4_cidr_block_association.this",
            "module.vpc.aws_vpn_gateway.this",
            "module.vpc.data.aws_internet_gateway.this",
            "module.vpc.data.aws_vpc.this"
          ]
        },
        {
          "index_key": "mgmt",
          "schema_version": 0,
          "attributes": {
            "arn": "arn:aws:ec2:us-west-1:961341553712:network-interface/eni-0e7f5632b8fa10ad5",
            "attachment": [],
            "description": "",
            "enable_primary_ipv6": null,
            "id": "eni-0e7f5632b8fa10ad5",
            "interface_type": "interface",
            "ipv4_prefix_count": 0,
            "ipv4_prefixes": [],
            "ipv6_address_count": 0,
            "ipv6_address_list": [],
            "ipv6_address_list_enabled": false,
            "ipv6_addresses": [],
            "ipv6_prefix_count": 0,
            "ipv6_prefixes": [],
            "mac_address": "06:6b:a8:55:fc:37",
            "outpost_arn": "",
            "owner_id": "961341553712",
            "private_dns_name": "ip-10-100-0-108.us-west-1.compute.internal",
            "private_ip": "10.100.0.108",
            "private_ip_list": [
              "10.100.0.108"
            ],
            "private_ip_list_enabled": false,
            "private_ips": [
              "10.100.0.108"
            ],
            "private_ips_count": 0,
            "security_groups": [
              "sg-06eac568ef8ead656"
            ],
            "source_dest_check": true,
            "subnet_id": "subnet-0d0bf73598c4b65f6",
            "tags": {
              "Application": "Palo Alto Networks VM-Series NGFW",
              "ManagedBy": "terraform",
              "Name": "ansh193-vmseries-01-mgmt",
              "Owner": "PS Team"
            },
            "tags_all": {
              "Application": "Palo Alto Networks VM-Series NGFW",
              "ManagedBy": "terraform",
              "Name": "ansh193-vmseries-01-mgmt",
              "Owner": "PS Team"
            }
          },
          "sensitive_attributes": [],
          "private": "bnVsbA==",
          "dependencies": [
            "module.subnet_sets.aws_network_acl_association.main",
            "module.subnet_sets.aws_route_table.shared",
            "module.subnet_sets.aws_route_table.this",
            "module.subnet_sets.aws_route_table_association.this",
            "module.subnet_sets.aws_subnet.this",
            "module.subnet_sets.data.aws_route_table.this",
            "module.subnet_sets.data.aws_subnet.this",
            "module.vpc.aws_internet_gateway.this",
            "module.vpc.aws_network_acl.this",
            "module.vpc.aws_network_acl_rule.this",
            "module.vpc.aws_route_table.from_igw",
            "module.vpc.aws_route_table.from_vgw",
            "module.vpc.aws_route_table_association.from_igw",
            "module.vpc.aws_route_table_association.from_vgw",
            "module.vpc.aws_security_group.this",
            "module.vpc.aws_vpc.this",
            "module.vpc.aws_vpc_dhcp_options.this",
            "module.vpc.aws_vpc_dhcp_options_association.this",
            "module.vpc.aws_vpc_ipv4_cidr_block_association.this",
            "module.vpc.aws_vpn_gateway.this",
            "module.vpc.data.aws_internet_gateway.this",
            "module.vpc.data.aws_vpc.this"
          ]
        }
      ]
    },
    {
      "module": "module.vpc[\"security_vpc\"]",
      "mode": "data",
      "type": "aws_internet_gateway",
      "name": "this",
      "provider": "provider[\"registry.terraform.io/hashicorp/aws\"]",
      "instances": []
    },
    {
      "module": "module.vpc[\"security_vpc\"]",
      "mode": "data",
      "type": "aws_vpc",
      "name": "this",
      "provider": "provider[\"registry.terraform.io/hashicorp/aws\"]",
      "instances": []
    },
    {
      "module": "module.vpc[\"security_vpc\"]",
      "mode": "managed",
      "type": "aws_internet_gateway",
      "name": "this",
      "provider": "provider[\"registry.terraform.io/hashicorp/aws\"]",
      "instances": [
        {
          "index_key": 0,
          "schema_version": 0,
          "attributes": {
            "arn": "arn:aws:ec2:us-west-1:961341553712:internet-gateway/igw-0386a7cef4034b8c7",
            "id": "igw-0386a7cef4034b8c7",
            "owner_id": "961341553712",
            "tags": {
              "Application": "Palo Alto Networks VM-Series NGFW",
              "ManagedBy": "terraform",
              "Name": "ansh193-security-vpc-igw",
              "Owner": "PS Team"
            },
            "tags_all": {
              "Application": "Palo Alto Networks VM-Series NGFW",
              "ManagedBy": "terraform",
              "Name": "ansh193-security-vpc-igw",
              "Owner": "PS Team"
            },
            "timeouts": null,
            "vpc_id": "vpc-0470547aa8d3eb23f"
          },
          "sensitive_attributes": [],
          "private": "eyJlMmJmYjczMC1lY2FhLTExZTYtOGY4OC0zNDM2M2JjN2M0YzAiOnsiY3JlYXRlIjoxMjAwMDAwMDAwMDAwLCJkZWxldGUiOjEyMDAwMDAwMDAwMDAsInVwZGF0ZSI6MTIwMDAwMDAwMDAwMH19",
          "dependencies": [
            "module.vpc.aws_vpc.this",
            "module.vpc.data.aws_vpc.this"
          ]
        }
      ]
    },
    {
      "module": "module.vpc[\"security_vpc\"]",
      "mode": "managed",
      "type": "aws_network_acl",
      "name": "this",
      "provider": "provider[\"registry.terraform.io/hashicorp/aws\"]",
      "instances": []
    },
    {
      "module": "module.vpc[\"security_vpc\"]",
      "mode": "managed",
      "type": "aws_route_table",
      "name": "from_igw",
      "provider": "provider[\"registry.terraform.io/hashicorp/aws\"]",
      "instances": [
        {
          "index_key": 0,
          "schema_version": 0,
          "attributes": {
            "arn": "arn:aws:ec2:us-west-1:961341553712:route-table/rtb-0eea8d59c77f3d900",
            "id": "rtb-0eea8d59c77f3d900",
            "owner_id": "961341553712",
            "propagating_vgws": [],
            "route": [],
            "tags": {
              "Application": "Palo Alto Networks VM-Series NGFW",
              "ManagedBy": "terraform",
              "Name": "ansh193-security-vpc-igw",
              "Owner": "PS Team"
            },
            "tags_all": {
              "Application": "Palo Alto Networks VM-Series NGFW",
              "ManagedBy": "terraform",
              "Name": "ansh193-security-vpc-igw",
              "Owner": "PS Team"
            },
            "timeouts": null,
            "vpc_id": "vpc-0470547aa8d3eb23f"
          },
          "sensitive_attributes": [],
          "private": "eyJlMmJmYjczMC1lY2FhLTExZTYtOGY4OC0zNDM2M2JjN2M0YzAiOnsiY3JlYXRlIjozMDAwMDAwMDAwMDAsImRlbGV0ZSI6MzAwMDAwMDAwMDAwLCJ1cGRhdGUiOjEyMDAwMDAwMDAwMH19",
          "dependencies": [
            "module.vpc.aws_vpc.this",
            "module.vpc.data.aws_vpc.this"
          ]
        }
      ]
    },
    {
      "module": "module.vpc[\"security_vpc\"]",
      "mode": "managed",
      "type": "aws_route_table",
      "name": "from_vgw",
      "provider": "provider[\"registry.terraform.io/hashicorp/aws\"]",
      "instances": []
    },
    {
      "module": "module.vpc[\"security_vpc\"]",
      "mode": "managed",
      "type": "aws_route_table_association",
      "name": "from_igw",
      "provider": "provider[\"registry.terraform.io/hashicorp/aws\"]",
      "instances": [
        {
          "index_key": 0,
          "schema_version": 0,
          "attributes": {
            "gateway_id": "igw-0386a7cef4034b8c7",
            "id": "rtbassoc-0971a1260c7b3c7d0",
            "route_table_id": "rtb-0eea8d59c77f3d900",
            "subnet_id": "",
            "timeouts": null
          },
          "sensitive_attributes": [],
          "private": "eyJlMmJmYjczMC1lY2FhLTExZTYtOGY4OC0zNDM2M2JjN2M0YzAiOnsiY3JlYXRlIjozMDAwMDAwMDAwMDAsImRlbGV0ZSI6MzAwMDAwMDAwMDAwLCJ1cGRhdGUiOjEyMDAwMDAwMDAwMH19",
          "dependencies": [
            "module.vpc.aws_internet_gateway.this",
            "module.vpc.aws_route_table.from_igw",
            "module.vpc.aws_vpc.this",
            "module.vpc.data.aws_internet_gateway.this",
            "module.vpc.data.aws_vpc.this"
          ]
        }
      ]
    },
    {
      "module": "module.vpc[\"security_vpc\"]",
      "mode": "managed",
      "type": "aws_security_group",
      "name": "this",
      "provider": "provider[\"registry.terraform.io/hashicorp/aws\"]",
      "instances": [
        {
          "index_key": "vmseries_mgmt",
          "schema_version": 1,
          "attributes": {
            "arn": "arn:aws:ec2:us-west-1:961341553712:security-group/sg-06eac568ef8ead656",
            "description": "Security group managed by Terraform",
            "egress": [
              {
                "cidr_blocks": [
                  "0.0.0.0/0"
                ],
                "description": "Permit All traffic outbound",
                "from_port": 0,
                "ipv6_cidr_blocks": [],
                "prefix_list_ids": [],
                "protocol": "-1",
                "security_groups": [],
                "self": false,
                "to_port": 0
              }
            ],
            "id": "sg-06eac568ef8ead656",
            "ingress": [
              {
                "cidr_blocks": [
                  "0.0.0.0/0"
                ],
                "description": "Permit HTTPS",
                "from_port": 443,
                "ipv6_cidr_blocks": [],
                "prefix_list_ids": [],
                "protocol": "tcp",
                "security_groups": [],
                "self": false,
                "to_port": 443
              },
              {
                "cidr_blocks": [
                  "0.0.0.0/0"
                ],
                "description": "Permit SSH",
                "from_port": 22,
                "ipv6_cidr_blocks": [],
                "prefix_list_ids": [],
                "protocol": "tcp",
                "security_groups": [],
                "self": false,
                "to_port": 22
              }
            ],
            "name": "vmseries_mgmt",
            "name_prefix": "",
            "owner_id": "961341553712",
            "revoke_rules_on_delete": false,
            "tags": {
              "Application": "Palo Alto Networks VM-Series NGFW",
              "ManagedBy": "terraform",
              "Name": "vmseries_mgmt",
              "Owner": "PS Team"
            },
            "tags_all": {
              "Application": "Palo Alto Networks VM-Series NGFW",
              "ManagedBy": "terraform",
              "Name": "vmseries_mgmt",
              "Owner": "PS Team"
            },
            "timeouts": null,
            "vpc_id": "vpc-0470547aa8d3eb23f"
          },
          "sensitive_attributes": [],
          "private": "eyJlMmJmYjczMC1lY2FhLTExZTYtOGY4OC0zNDM2M2JjN2M0YzAiOnsiY3JlYXRlIjo2MDAwMDAwMDAwMDAsImRlbGV0ZSI6OTAwMDAwMDAwMDAwfSwic2NoZW1hX3ZlcnNpb24iOiIxIn0=",
          "dependencies": [
            "module.vpc.aws_vpc.this",
            "module.vpc.data.aws_vpc.this"
          ],
          "create_before_destroy": true
        }
      ]
    },
    {
      "module": "module.vpc[\"security_vpc\"]",
      "mode": "managed",
      "type": "aws_vpc",
      "name": "this",
      "provider": "provider[\"registry.terraform.io/hashicorp/aws\"]",
      "instances": [
        {
          "index_key": 0,
          "schema_version": 1,
          "attributes": {
            "arn": "arn:aws:ec2:us-west-1:961341553712:vpc/vpc-0470547aa8d3eb23f",
            "assign_generated_ipv6_cidr_block": false,
            "cidr_block": "10.100.0.0/16",
            "default_network_acl_id": "acl-0575306fc88aa43d9",
            "default_route_table_id": "rtb-09d0ece54bbfe4fda",
            "default_security_group_id": "sg-09e7350394fe02d18",
            "dhcp_options_id": "dopt-01dcc52c377685769",
            "enable_dns_hostnames": true,
            "enable_dns_support": true,
            "enable_network_address_usage_metrics": false,
            "id": "vpc-0470547aa8d3eb23f",
            "instance_tenancy": "default",
            "ipv4_ipam_pool_id": null,
            "ipv4_netmask_length": null,
            "ipv6_association_id": "",
            "ipv6_cidr_block": "",
            "ipv6_cidr_block_network_border_group": "",
            "ipv6_ipam_pool_id": "",
            "ipv6_netmask_length": 0,
            "main_route_table_id": "rtb-09d0ece54bbfe4fda",
            "owner_id": "961341553712",
            "tags": {
              "Application": "Palo Alto Networks VM-Series NGFW",
              "ManagedBy": "terraform",
              "Name": "ansh193-security-vpc",
              "Owner": "PS Team"
            },
            "tags_all": {
              "Application": "Palo Alto Networks VM-Series NGFW",
              "ManagedBy": "terraform",
              "Name": "ansh193-security-vpc",
              "Owner": "PS Team"
            }
          },
          "sensitive_attributes": [],
          "private": "eyJzY2hlbWFfdmVyc2lvbiI6IjEifQ=="
        }
      ]
    },
    {
      "module": "module.vpc[\"security_vpc\"]",
      "mode": "managed",
      "type": "aws_vpc_ipv4_cidr_block_association",
      "name": "this",
      "provider": "provider[\"registry.terraform.io/hashicorp/aws\"]",
      "instances": []
    },
    {
      "module": "module.vpc[\"security_vpc\"]",
      "mode": "managed",
      "type": "aws_vpn_gateway",
      "name": "this",
      "provider": "provider[\"registry.terraform.io/hashicorp/aws\"]",
      "instances": []
    },
    {
      "module": "module.vpc_routes[\"security_vpc-mgmt-0.0.0.0/0\"]",
      "mode": "managed",
      "type": "aws_route",
      "name": "this",
      "provider": "provider[\"registry.terraform.io/hashicorp/aws\"]",
      "instances": [
        {
          "index_key": "us-west-1b",
          "schema_version": 0,
          "attributes": {
            "carrier_gateway_id": "",
            "core_network_arn": "",
            "destination_cidr_block": "0.0.0.0/0",
            "destination_ipv6_cidr_block": "",
            "destination_prefix_list_id": "",
            "egress_only_gateway_id": "",
            "gateway_id": "igw-0386a7cef4034b8c7",
            "id": "r-rtb-08d277ce89633bf031080289494",
            "instance_id": "",
            "instance_owner_id": "",
            "local_gateway_id": "",
            "nat_gateway_id": "",
            "network_interface_id": "",
            "origin": "CreateRoute",
            "route_table_id": "rtb-08d277ce89633bf03",
            "state": "active",
            "timeouts": null,
            "transit_gateway_id": "",
            "vpc_endpoint_id": "",
            "vpc_peering_connection_id": ""
          },
          "sensitive_attributes": [],
          "private": "eyJlMmJmYjczMC1lY2FhLTExZTYtOGY4OC0zNDM2M2JjN2M0YzAiOnsiY3JlYXRlIjozMDAwMDAwMDAwMDAsImRlbGV0ZSI6MzAwMDAwMDAwMDAwLCJ1cGRhdGUiOjEyMDAwMDAwMDAwMH19",
          "dependencies": [
            "module.natgw_set.aws_eip.this",
            "module.natgw_set.aws_nat_gateway.this",
            "module.natgw_set.data.aws_eip.this",
            "module.natgw_set.data.aws_nat_gateway.this",
            "module.subnet_sets.aws_network_acl_association.main",
            "module.subnet_sets.aws_route_table.shared",
            "module.subnet_sets.aws_route_table.this",
            "module.subnet_sets.aws_route_table_association.this",
            "module.subnet_sets.aws_subnet.this",
            "module.subnet_sets.data.aws_route_table.this",
            "module.subnet_sets.data.aws_subnet.this",
            "module.vpc.aws_internet_gateway.this",
            "module.vpc.aws_network_acl.this",
            "module.vpc.aws_network_acl_rule.this",
            "module.vpc.aws_route_table.from_igw",
            "module.vpc.aws_route_table.from_vgw",
            "module.vpc.aws_route_table_association.from_igw",
            "module.vpc.aws_route_table_association.from_vgw",
            "module.vpc.aws_security_group.this",
            "module.vpc.aws_vpc.this",
            "module.vpc.aws_vpc_dhcp_options.this",
            "module.vpc.aws_vpc_dhcp_options_association.this",
            "module.vpc.aws_vpc_ipv4_cidr_block_association.this",
            "module.vpc.aws_vpn_gateway.this",
            "module.vpc.data.aws_internet_gateway.this",
            "module.vpc.data.aws_vpc.this"
          ]
        }
      ]
    }
  ],
  "check_results": null
}
